
Microsoft Visual Studio Solution File, Format Version 12.00
# Visual Studio Version 17
VisualStudioVersion = 17.0.31912.275
MinimumVisualStudioVersion = 10.0.40219.1
Project("{2150E333-8FDC-42A3-9474-1A3956D46DE8}") = "Services", "Services", "{D2A93D12-D6C3-425F-8CFF-9E3D0EB9A0DB}"
EndProject
Project("{9A19103F-16F7-4668-BE54-9A1E7A4F7556}") = "ProductAPI", "..\ProductAPI\ProductAPI.csproj", "{98FE6E58-AD28-49E3-85B7-596CA1F7FF4A}"
EndProject
Project("{9A19103F-16F7-4668-BE54-9A1E7A4F7556}") = "EmployeeAPI", "..\EmployeeAPI\EmployeeAPI.csproj", "{529B0F8A-E869-4C96-808F-483E8815F0CE}"
EndProject
Project("{9A19103F-16F7-4668-BE54-9A1E7A4F7556}") = "APIGateway", "..\APIGateway\APIGateway.csproj", "{8CA25558-6175-46C9-AFF8-DF5D24FDA20E}"
EndProject
Project("{2150E333-8FDC-42A3-9474-1A3956D46DE8}") = "tests", "tests", "{565666C6-DDC5-4422-B8A7-FF93B9DAE324}"
EndProject
Project("{FAE04EC0-301F-11D3-BF4B-00C04F79EFBC}") = "EmployeeAPI.Tests", "..\EmployeeAPI.Tests\EmployeeAPI.Tests.csproj", "{33946704-91B8-4652-B7A4-0FEB8D630F37}"
EndProject
Global
	GlobalSection(SolutionConfigurationPlatforms) = preSolution
		Debug|Any CPU = Debug|Any CPU
		Release|Any CPU = Release|Any CPU
	EndGlobalSection
	GlobalSection(ProjectConfigurationPlatforms) = postSolution
		{98FE6E58-AD28-49E3-85B7-596CA1F7FF4A}.Debug|Any CPU.ActiveCfg = Debug|Any CPU
		{98FE6E58-AD28-49E3-85B7-596CA1F7FF4A}.Debug|Any CPU.Build.0 = Debug|Any CPU
		{98FE6E58-AD28-49E3-85B7-596CA1F7FF4A}.Release|Any CPU.ActiveCfg = Release|Any CPU
		{98FE6E58-AD28-49E3-85B7-596CA1F7FF4A}.Release|Any CPU.Build.0 = Release|Any CPU
		{529B0F8A-E869-4C96-808F-483E8815F0CE}.Debug|Any CPU.ActiveCfg = Debug|Any CPU
		{529B0F8A-E869-4C96-808F-483E8815F0CE}.Debug|Any CPU.Build.0 = Debug|Any CPU
		{529B0F8A-E869-4C96-808F-483E8815F0CE}.Release|Any CPU.ActiveCfg = Release|Any CPU
		{529B0F8A-E869-4C96-808F-483E8815F0CE}.Release|Any CPU.Build.0 = Release|Any CPU
		{8CA25558-6175-46C9-AFF8-DF5D24FDA20E}.Debug|Any CPU.ActiveCfg = Debug|Any CPU
		{8CA25558-6175-46C9-AFF8-DF5D24FDA20E}.Debug|Any CPU.Build.0 = Debug|Any CPU
		{8CA25558-6175-46C9-AFF8-DF5D24FDA20E}.Release|Any CPU.ActiveCfg = Release|Any CPU
		{8CA25558-6175-46C9-AFF8-DF5D24FDA20E}.Release|Any CPU.Build.0 = Release|Any CPU
		{33946704-91B8-4652-B7A4-0FEB8D630F37}.Debug|Any CPU.ActiveCfg = Debug|Any CPU
		{33946704-91B8-4652-B7A4-0FEB8D630F37}.Debug|Any CPU.Build.0 = Debug|Any CPU
		{33946704-91B8-4652-B7A4-0FEB8D630F37}.Release|Any CPU.ActiveCfg = Release|Any CPU
		{33946704-91B8-4652-B7A4-0FEB8D630F37}.Release|Any CPU.Build.0 = Release|Any CPU
	EndGlobalSection
	GlobalSection(SolutionProperties) = preSolution
		HideSolutionNode = FALSE
	EndGlobalSection
	GlobalSection(NestedProjects) = preSolution
		{98FE6E58-AD28-49E3-85B7-596CA1F7FF4A} = {D2A93D12-D6C3-425F-8CFF-9E3D0EB9A0DB}
		{529B0F8A-E869-4C96-808F-483E8815F0CE} = {D2A93D12-D6C3-425F-8CFF-9E3D0EB9A0DB}
		{33946704-91B8-4652-B7A4-0FEB8D630F37} = {565666C6-DDC5-4422-B8A7-FF93B9DAE324}
	EndGlobalSection
	GlobalSection(ExtensibilityGlobals) = postSolution
		SolutionGuid = {D9F8978D-7EE3-445B-8035-CC00E0265D96}
	EndGlobalSection
EndGlobal
